
Microsoft Visual Studio Solution File, Format Version 12.00
# Visual Studio 15
VisualStudioVersion = 15.0.27130.2010
MinimumVisualStudioVersion = 10.0.40219.1
Project("{FAE04EC0-301F-11D3-BF4B-00C04F79EFBC}") = "CDSMovie", "CDSMovie\CDSMovie.csproj", "{2E3D40D1-BFB6-40E2-9FC6-FB10B2ED9FF1}"
EndProject
Global
	GlobalSection(SolutionConfigurationPlatforms) = preSolution
		Debug|Any CPU = Debug|Any CPU
		Release|Any CPU = Release|Any CPU
	EndGlobalSection
	GlobalSection(ProjectConfigurationPlatforms) = postSolution
		{2E3D40D1-BFB6-40E2-9FC6-FB10B2ED9FF1}.Debug|Any CPU.ActiveCfg = Debug|Any CPU
		{2E3D40D1-BFB6-40E2-9FC6-FB10B2ED9FF1}.Debug|Any CPU.Build.0 = Debug|Any CPU
		{2E3D40D1-BFB6-40E2-9FC6-FB10B2ED9FF1}.Release|Any CPU.ActiveCfg = Release|Any CPU
		{2E3D40D1-BFB6-40E2-9FC6-FB10B2ED9FF1}.Release|Any CPU.Build.0 = Release|Any CPU
	EndGlobalSection
	GlobalSection(SolutionProperties) = preSolution
		HideSolutionNode = FALSE
	EndGlobalSection
	GlobalSection(ExtensibilityGlobals) = postSolution
		SolutionGuid = {77936FF1-C855-4151-A8EA-DD2F861802D8}
	EndGlobalSection
EndGlobal
